
Microsoft Visual Studio Solution File, Format Version 12.00
# Visual Studio Version 17
VisualStudioVersion = 17.5.33516.290
MinimumVisualStudioVersion = 10.0.40219.1
Project("{FAE04EC0-301F-11D3-BF4B-00C04F79EFBC}") = "EmployeeTracingApp", "EmployeeTracingApp\EmployeeTracingApp.csproj", "{189EAE26-BC93-48C2-9F3C-08E05E6DBAAF}"
EndProject
Global
	GlobalSection(SolutionConfigurationPlatforms) = preSolution
		Debug|Any CPU = Debug|Any CPU
		Release|Any CPU = Release|Any CPU
	EndGlobalSection
	GlobalSection(ProjectConfigurationPlatforms) = postSolution
		{189EAE26-BC93-48C2-9F3C-08E05E6DBAAF}.Debug|Any CPU.ActiveCfg = Debug|Any CPU
		{189EAE26-BC93-48C2-9F3C-08E05E6DBAAF}.Debug|Any CPU.Build.0 = Debug|Any CPU
		{189EAE26-BC93-48C2-9F3C-08E05E6DBAAF}.Release|Any CPU.ActiveCfg = Release|Any CPU
		{189EAE26-BC93-48C2-9F3C-08E05E6DBAAF}.Release|Any CPU.Build.0 = Release|Any CPU
	EndGlobalSection
	GlobalSection(SolutionProperties) = preSolution
		HideSolutionNode = FALSE
	EndGlobalSection
	GlobalSection(ExtensibilityGlobals) = postSolution
		SolutionGuid = {C7D1AD23-649E-4EC3-8CF9-697E72ACC0B5}
	EndGlobalSection
EndGlobal
